// !$*UTF8*$!
{
	archiveVersion = 1;
	classes = {
	};
	objectVersion = 56;
	objects = {

/* Begin PBXBuildFile section */
		2D3500AFC7D6F2BF6074354B /* Pods_MushroomSpot_MushroomSpotUITests.framework in Frameworks */ = {isa = PBXBuildFile; fileRef = 4CEBB97A9EB66FFE4B576019 /* Pods_MushroomSpot_MushroomSpotUITests.framework */; };
		617AB20BB7CA50195A86BEFC /* Pods_MushroomSpot.framework in Frameworks */ = {isa = PBXBuildFile; fileRef = 821AFFC9C899C87DA30B45D1 /* Pods_MushroomSpot.framework */; };
		746E1CC2923EA651732CF5DE /* Pods_MushroomSpotTests.framework in Frameworks */ = {isa = PBXBuildFile; fileRef = 481FCF7735D2E30AE5834042 /* Pods_MushroomSpotTests.framework */; };
		E22EF9312B811CA700C8674F /* AppDelegate.swift in Sources */ = {isa = PBXBuildFile; fileRef = E22EF9302B811CA700C8674F /* AppDelegate.swift */; };
		E22EF9332B811CA700C8674F /* SceneDelegate.swift in Sources */ = {isa = PBXBuildFile; fileRef = E22EF9322B811CA700C8674F /* SceneDelegate.swift */; };
		E22EF93A2B811CA700C8674F /* Assets.xcassets in Resources */ = {isa = PBXBuildFile; fileRef = E22EF9392B811CA700C8674F /* Assets.xcassets */; };
		E22EF93D2B811CA700C8674F /* LaunchScreen.storyboard in Resources */ = {isa = PBXBuildFile; fileRef = E22EF93B2B811CA700C8674F /* LaunchScreen.storyboard */; };
		E22EF9482B811CA800C8674F /* MushroomSpotTests.swift in Sources */ = {isa = PBXBuildFile; fileRef = E22EF9472B811CA800C8674F /* MushroomSpotTests.swift */; };
		E22EF9522B811CA800C8674F /* MushroomSpotUITests.swift in Sources */ = {isa = PBXBuildFile; fileRef = E22EF9512B811CA800C8674F /* MushroomSpotUITests.swift */; };
		E22EF9542B811CA800C8674F /* MushroomSpotUITestsLaunchTests.swift in Sources */ = {isa = PBXBuildFile; fileRef = E22EF9532B811CA800C8674F /* MushroomSpotUITestsLaunchTests.swift */; };
		E248685D2B837D320086D4E1 /* Alamofire in Frameworks */ = {isa = PBXBuildFile; productRef = E248685C2B837D320086D4E1 /* Alamofire */; };
		E24868612B83883D0086D4E1 /* StringExtension.swift in Sources */ = {isa = PBXBuildFile; fileRef = E24868602B83883D0086D4E1 /* StringExtension.swift */; };
		E2E946432B838AF700E5F68E /* HomeViewController.swift in Sources */ = {isa = PBXBuildFile; fileRef = E2E946422B838AF700E5F68E /* HomeViewController.swift */; };
		E2E946452B838B0000E5F68E /* HomeViewController.storyboard in Resources */ = {isa = PBXBuildFile; fileRef = E2E946442B838B0000E5F68E /* HomeViewController.storyboard */; };
		E2F67AE82B8243520087CD7D /* SplashViewController.storyboard in Resources */ = {isa = PBXBuildFile; fileRef = E2F67AE72B8243520087CD7D /* SplashViewController.storyboard */; };
		E2F67AEA2B8243770087CD7D /* SplashViewController.swift in Sources */ = {isa = PBXBuildFile; fileRef = E2F67AE92B8243770087CD7D /* SplashViewController.swift */; };
		E2F67AED2B82441F0087CD7D /* ViewControllerExtension.swift in Sources */ = {isa = PBXBuildFile; fileRef = E2F67AEC2B82441F0087CD7D /* ViewControllerExtension.swift */; };
		E2F67AF02B824C340087CD7D /* LoginViewController.swift in Sources */ = {isa = PBXBuildFile; fileRef = E2F67AEF2B824C340087CD7D /* LoginViewController.swift */; };
		E2F67AF22B824C420087CD7D /* LoginViewController.storyboard in Resources */ = {isa = PBXBuildFile; fileRef = E2F67AF12B824C420087CD7D /* LoginViewController.storyboard */; };
		E2F67AF82B8253BE0087CD7D /* Main.storyboard in Resources */ = {isa = PBXBuildFile; fileRef = E2F67AF62B8253BE0087CD7D /* Main.storyboard */; };
		E2F67AFC2B825A950087CD7D /* ViewExtension.swift in Sources */ = {isa = PBXBuildFile; fileRef = E2F67AFB2B825A950087CD7D /* ViewExtension.swift */; };
		E2F67AFE2B836BFB0087CD7D /* LoginViewModel.swift in Sources */ = {isa = PBXBuildFile; fileRef = E2F67AFD2B836BFB0087CD7D /* LoginViewModel.swift */; };
		E2F67B002B836C1E0087CD7D /* LoginSubmitResult.swift in Sources */ = {isa = PBXBuildFile; fileRef = E2F67AFF2B836C1E0087CD7D /* LoginSubmitResult.swift */; };
/* End PBXBuildFile section */

/* Begin PBXContainerItemProxy section */
		E22EF9442B811CA800C8674F /* PBXContainerItemProxy */ = {
			isa = PBXContainerItemProxy;
			containerPortal = E22EF9252B811CA600C8674F /* Project object */;
			proxyType = 1;
			remoteGlobalIDString = E22EF92C2B811CA700C8674F;
			remoteInfo = MushroomSpot;
		};
		E22EF94E2B811CA800C8674F /* PBXContainerItemProxy */ = {
			isa = PBXContainerItemProxy;
			containerPortal = E22EF9252B811CA600C8674F /* Project object */;
			proxyType = 1;
			remoteGlobalIDString = E22EF92C2B811CA700C8674F;
			remoteInfo = MushroomSpot;
		};
/* End PBXContainerItemProxy section */

/* Begin PBXFileReference section */
		481FCF7735D2E30AE5834042 /* Pods_MushroomSpotTests.framework */ = {isa = PBXFileReference; explicitFileType = wrapper.framework; includeInIndex = 0; path = Pods_MushroomSpotTests.framework; sourceTree = BUILT_PRODUCTS_DIR; };
		4CEBB97A9EB66FFE4B576019 /* Pods_MushroomSpot_MushroomSpotUITests.framework */ = {isa = PBXFileReference; explicitFileType = wrapper.framework; includeInIndex = 0; path = Pods_MushroomSpot_MushroomSpotUITests.framework; sourceTree = BUILT_PRODUCTS_DIR; };
		72352B9E55E09F3444FB4D10 /* Pods-MushroomSpotTests.debug.xcconfig */ = {isa = PBXFileReference; includeInIndex = 1; lastKnownFileType = text.xcconfig; name = "Pods-MushroomSpotTests.debug.xcconfig"; path = "Target Support Files/Pods-MushroomSpotTests/Pods-MushroomSpotTests.debug.xcconfig"; sourceTree = "<group>"; };
		7DE4ED4EAA32CAEFCE1FCE33 /* Pods-MushroomSpotTests.release.xcconfig */ = {isa = PBXFileReference; includeInIndex = 1; lastKnownFileType = text.xcconfig; name = "Pods-MushroomSpotTests.release.xcconfig"; path = "Target Support Files/Pods-MushroomSpotTests/Pods-MushroomSpotTests.release.xcconfig"; sourceTree = "<group>"; };
		821AFFC9C899C87DA30B45D1 /* Pods_MushroomSpot.framework */ = {isa = PBXFileReference; explicitFileType = wrapper.framework; includeInIndex = 0; path = Pods_MushroomSpot.framework; sourceTree = BUILT_PRODUCTS_DIR; };
		94C02F21C9B9F2C7548B34DD /* Pods-MushroomSpot-MushroomSpotUITests.debug.xcconfig */ = {isa = PBXFileReference; includeInIndex = 1; lastKnownFileType = text.xcconfig; name = "Pods-MushroomSpot-MushroomSpotUITests.debug.xcconfig"; path = "Target Support Files/Pods-MushroomSpot-MushroomSpotUITests/Pods-MushroomSpot-MushroomSpotUITests.debug.xcconfig"; sourceTree = "<group>"; };
		AC6443CC1A92611097C53681 /* Pods-MushroomSpot-MushroomSpotUITests.release.xcconfig */ = {isa = PBXFileReference; includeInIndex = 1; lastKnownFileType = text.xcconfig; name = "Pods-MushroomSpot-MushroomSpotUITests.release.xcconfig"; path = "Target Support Files/Pods-MushroomSpot-MushroomSpotUITests/Pods-MushroomSpot-MushroomSpotUITests.release.xcconfig"; sourceTree = "<group>"; };
		C9E23AF37F40961AA86071E2 /* Pods-MushroomSpot.debug.xcconfig */ = {isa = PBXFileReference; includeInIndex = 1; lastKnownFileType = text.xcconfig; name = "Pods-MushroomSpot.debug.xcconfig"; path = "Target Support Files/Pods-MushroomSpot/Pods-MushroomSpot.debug.xcconfig"; sourceTree = "<group>"; };
		DAC97688A41C3BAE32C002CF /* Pods-MushroomSpot.release.xcconfig */ = {isa = PBXFileReference; includeInIndex = 1; lastKnownFileType = text.xcconfig; name = "Pods-MushroomSpot.release.xcconfig"; path = "Target Support Files/Pods-MushroomSpot/Pods-MushroomSpot.release.xcconfig"; sourceTree = "<group>"; };
		E22EF92D2B811CA700C8674F /* MushroomSpot.app */ = {isa = PBXFileReference; explicitFileType = wrapper.application; includeInIndex = 0; path = MushroomSpot.app; sourceTree = BUILT_PRODUCTS_DIR; };
		E22EF9302B811CA700C8674F /* AppDelegate.swift */ = {isa = PBXFileReference; lastKnownFileType = sourcecode.swift; path = AppDelegate.swift; sourceTree = "<group>"; };
		E22EF9322B811CA700C8674F /* SceneDelegate.swift */ = {isa = PBXFileReference; lastKnownFileType = sourcecode.swift; path = SceneDelegate.swift; sourceTree = "<group>"; };
		E22EF9392B811CA700C8674F /* Assets.xcassets */ = {isa = PBXFileReference; lastKnownFileType = folder.assetcatalog; path = Assets.xcassets; sourceTree = "<group>"; };
		E22EF93C2B811CA700C8674F /* Base */ = {isa = PBXFileReference; lastKnownFileType = file.storyboard; name = Base; path = Base.lproj/LaunchScreen.storyboard; sourceTree = "<group>"; };
		E22EF93E2B811CA700C8674F /* Info.plist */ = {isa = PBXFileReference; lastKnownFileType = text.plist.xml; path = Info.plist; sourceTree = "<group>"; };
		E22EF9432B811CA800C8674F /* MushroomSpotTests.xctest */ = {isa = PBXFileReference; explicitFileType = wrapper.cfbundle; includeInIndex = 0; path = MushroomSpotTests.xctest; sourceTree = BUILT_PRODUCTS_DIR; };
		E22EF9472B811CA800C8674F /* MushroomSpotTests.swift */ = {isa = PBXFileReference; lastKnownFileType = sourcecode.swift; path = MushroomSpotTests.swift; sourceTree = "<group>"; };
		E22EF94D2B811CA800C8674F /* MushroomSpotUITests.xctest */ = {isa = PBXFileReference; explicitFileType = wrapper.cfbundle; includeInIndex = 0; path = MushroomSpotUITests.xctest; sourceTree = BUILT_PRODUCTS_DIR; };
		E22EF9512B811CA800C8674F /* MushroomSpotUITests.swift */ = {isa = PBXFileReference; lastKnownFileType = sourcecode.swift; path = MushroomSpotUITests.swift; sourceTree = "<group>"; };
		E22EF9532B811CA800C8674F /* MushroomSpotUITestsLaunchTests.swift */ = {isa = PBXFileReference; lastKnownFileType = sourcecode.swift; path = MushroomSpotUITestsLaunchTests.swift; sourceTree = "<group>"; };
		E24868602B83883D0086D4E1 /* StringExtension.swift */ = {isa = PBXFileReference; lastKnownFileType = sourcecode.swift; path = StringExtension.swift; sourceTree = "<group>"; };
		E2E946422B838AF700E5F68E /* HomeViewController.swift */ = {isa = PBXFileReference; lastKnownFileType = sourcecode.swift; path = HomeViewController.swift; sourceTree = "<group>"; };
		E2E946442B838B0000E5F68E /* HomeViewController.storyboard */ = {isa = PBXFileReference; lastKnownFileType = file.storyboard; path = HomeViewController.storyboard; sourceTree = "<group>"; };
		E2F67AE72B8243520087CD7D /* SplashViewController.storyboard */ = {isa = PBXFileReference; lastKnownFileType = file.storyboard; path = SplashViewController.storyboard; sourceTree = "<group>"; };
		E2F67AE92B8243770087CD7D /* SplashViewController.swift */ = {isa = PBXFileReference; lastKnownFileType = sourcecode.swift; path = SplashViewController.swift; sourceTree = "<group>"; };
		E2F67AEC2B82441F0087CD7D /* ViewControllerExtension.swift */ = {isa = PBXFileReference; lastKnownFileType = sourcecode.swift; path = ViewControllerExtension.swift; sourceTree = "<group>"; };
		E2F67AEF2B824C340087CD7D /* LoginViewController.swift */ = {isa = PBXFileReference; lastKnownFileType = sourcecode.swift; path = LoginViewController.swift; sourceTree = "<group>"; };
		E2F67AF12B824C420087CD7D /* LoginViewController.storyboard */ = {isa = PBXFileReference; lastKnownFileType = file.storyboard; path = LoginViewController.storyboard; sourceTree = "<group>"; };
		E2F67AF72B8253BE0087CD7D /* Base */ = {isa = PBXFileReference; lastKnownFileType = file.storyboard; name = Base; path = Base.lproj/Main.storyboard; sourceTree = "<group>"; };
		E2F67AFB2B825A950087CD7D /* ViewExtension.swift */ = {isa = PBXFileReference; lastKnownFileType = sourcecode.swift; path = ViewExtension.swift; sourceTree = "<group>"; };
		E2F67AFD2B836BFB0087CD7D /* LoginViewModel.swift */ = {isa = PBXFileReference; lastKnownFileType = sourcecode.swift; path = LoginViewModel.swift; sourceTree = "<group>"; };
		E2F67AFF2B836C1E0087CD7D /* LoginSubmitResult.swift */ = {isa = PBXFileReference; lastKnownFileType = sourcecode.swift; path = LoginSubmitResult.swift; sourceTree = "<group>"; };
/* End PBXFileReference section */

/* Begin PBXFrameworksBuildPhase section */
		E22EF92A2B811CA700C8674F /* Frameworks */ = {
			isa = PBXFrameworksBuildPhase;
			buildActionMask = 2147483647;
			files = (
				617AB20BB7CA50195A86BEFC /* Pods_MushroomSpot.framework in Frameworks */,
				E248685D2B837D320086D4E1 /* Alamofire in Frameworks */,
			);
			runOnlyForDeploymentPostprocessing = 0;
		};
		E22EF9402B811CA800C8674F /* Frameworks */ = {
			isa = PBXFrameworksBuildPhase;
			buildActionMask = 2147483647;
			files = (
				746E1CC2923EA651732CF5DE /* Pods_MushroomSpotTests.framework in Frameworks */,
			);
			runOnlyForDeploymentPostprocessing = 0;
		};
		E22EF94A2B811CA800C8674F /* Frameworks */ = {
			isa = PBXFrameworksBuildPhase;
			buildActionMask = 2147483647;
			files = (
				2D3500AFC7D6F2BF6074354B /* Pods_MushroomSpot_MushroomSpotUITests.framework in Frameworks */,
			);
			runOnlyForDeploymentPostprocessing = 0;
		};
/* End PBXFrameworksBuildPhase section */

/* Begin PBXGroup section */
		24C2ADC0128CCB91DC45400A /* Frameworks */ = {
			isa = PBXGroup;
			children = (
				821AFFC9C899C87DA30B45D1 /* Pods_MushroomSpot.framework */,
				4CEBB97A9EB66FFE4B576019 /* Pods_MushroomSpot_MushroomSpotUITests.framework */,
				481FCF7735D2E30AE5834042 /* Pods_MushroomSpotTests.framework */,
			);
			name = Frameworks;
			sourceTree = "<group>";
		};
		ACAD41B05B01F1164F5AF311 /* Pods */ = {
			isa = PBXGroup;
			children = (
				C9E23AF37F40961AA86071E2 /* Pods-MushroomSpot.debug.xcconfig */,
				DAC97688A41C3BAE32C002CF /* Pods-MushroomSpot.release.xcconfig */,
				94C02F21C9B9F2C7548B34DD /* Pods-MushroomSpot-MushroomSpotUITests.debug.xcconfig */,
				AC6443CC1A92611097C53681 /* Pods-MushroomSpot-MushroomSpotUITests.release.xcconfig */,
				72352B9E55E09F3444FB4D10 /* Pods-MushroomSpotTests.debug.xcconfig */,
				7DE4ED4EAA32CAEFCE1FCE33 /* Pods-MushroomSpotTests.release.xcconfig */,
			);
			path = Pods;
			sourceTree = "<group>";
		};
		E22EF9242B811CA600C8674F = {
			isa = PBXGroup;
			children = (
				E22EF92F2B811CA700C8674F /* MushroomSpot */,
				E22EF9462B811CA800C8674F /* MushroomSpotTests */,
				E22EF9502B811CA800C8674F /* MushroomSpotUITests */,
				E22EF92E2B811CA700C8674F /* Products */,
				ACAD41B05B01F1164F5AF311 /* Pods */,
				24C2ADC0128CCB91DC45400A /* Frameworks */,
			);
			sourceTree = "<group>";
		};
		E22EF92E2B811CA700C8674F /* Products */ = {
			isa = PBXGroup;
			children = (
				E22EF92D2B811CA700C8674F /* MushroomSpot.app */,
				E22EF9432B811CA800C8674F /* MushroomSpotTests.xctest */,
				E22EF94D2B811CA800C8674F /* MushroomSpotUITests.xctest */,
			);
			name = Products;
			sourceTree = "<group>";
		};
		E22EF92F2B811CA700C8674F /* MushroomSpot */ = {
			isa = PBXGroup;
			children = (
				E24868632B838A880086D4E1 /* Home */,
				E2F67AEE2B824C240087CD7D /* Login */,
				E2F67AEB2B82440D0087CD7D /* Extension */,
				E2F67AE32B82423F0087CD7D /* Splash */,
				E22EF9302B811CA700C8674F /* AppDelegate.swift */,
				E22EF9322B811CA700C8674F /* SceneDelegate.swift */,
				E22EF9392B811CA700C8674F /* Assets.xcassets */,
				E22EF93B2B811CA700C8674F /* LaunchScreen.storyboard */,
				E22EF93E2B811CA700C8674F /* Info.plist */,
				E2F67AF62B8253BE0087CD7D /* Main.storyboard */,
			);
			path = MushroomSpot;
			sourceTree = "<group>";
		};
		E22EF9462B811CA800C8674F /* MushroomSpotTests */ = {
			isa = PBXGroup;
			children = (
				E22EF9472B811CA800C8674F /* MushroomSpotTests.swift */,
			);
			path = MushroomSpotTests;
			sourceTree = "<group>";
		};
		E22EF9502B811CA800C8674F /* MushroomSpotUITests */ = {
			isa = PBXGroup;
			children = (
				E22EF9512B811CA800C8674F /* MushroomSpotUITests.swift */,
				E22EF9532B811CA800C8674F /* MushroomSpotUITestsLaunchTests.swift */,
			);
			path = MushroomSpotUITests;
			sourceTree = "<group>";
		};
		E24868632B838A880086D4E1 /* Home */ = {
			isa = PBXGroup;
			children = (
				E2E946422B838AF700E5F68E /* HomeViewController.swift */,
				E2E946442B838B0000E5F68E /* HomeViewController.storyboard */,
			);
			path = Home;
			sourceTree = "<group>";
		};
		E2F67AE32B82423F0087CD7D /* Splash */ = {
			isa = PBXGroup;
			children = (
				E2F67AE72B8243520087CD7D /* SplashViewController.storyboard */,
				E2F67AE92B8243770087CD7D /* SplashViewController.swift */,
			);
			path = Splash;
			sourceTree = "<group>";
		};
		E2F67AEB2B82440D0087CD7D /* Extension */ = {
			isa = PBXGroup;
			children = (
				E2F67AEC2B82441F0087CD7D /* ViewControllerExtension.swift */,
				E2F67AFB2B825A950087CD7D /* ViewExtension.swift */,
				E24868602B83883D0086D4E1 /* StringExtension.swift */,
			);
			path = Extension;
			sourceTree = "<group>";
		};
		E2F67AEE2B824C240087CD7D /* Login */ = {
			isa = PBXGroup;
			children = (
				E2F67AEF2B824C340087CD7D /* LoginViewController.swift */,
				E2F67AF12B824C420087CD7D /* LoginViewController.storyboard */,
				E2F67AFD2B836BFB0087CD7D /* LoginViewModel.swift */,
				E2F67AFF2B836C1E0087CD7D /* LoginSubmitResult.swift */,
			);
			path = Login;
			sourceTree = "<group>";
		};
/* End PBXGroup section */

/* Begin PBXNativeTarget section */
		E22EF92C2B811CA700C8674F /* MushroomSpot */ = {
			isa = PBXNativeTarget;
			buildConfigurationList = E22EF9572B811CA800C8674F /* Build configuration list for PBXNativeTarget "MushroomSpot" */;
			buildPhases = (
				08B8094B726D49F644F33548 /* [CP] Check Pods Manifest.lock */,
				E22EF9292B811CA700C8674F /* Sources */,
				E22EF92A2B811CA700C8674F /* Frameworks */,
				E22EF92B2B811CA700C8674F /* Resources */,
			);
			buildRules = (
			);
			dependencies = (
			);
			name = MushroomSpot;
			packageProductDependencies = (
				E248685C2B837D320086D4E1 /* Alamofire */,
			);
			productName = MushroomSpot;
			productReference = E22EF92D2B811CA700C8674F /* MushroomSpot.app */;
			productType = "com.apple.product-type.application";
		};
		E22EF9422B811CA800C8674F /* MushroomSpotTests */ = {
			isa = PBXNativeTarget;
			buildConfigurationList = E22EF95A2B811CA800C8674F /* Build configuration list for PBXNativeTarget "MushroomSpotTests" */;
			buildPhases = (
				96E11D6CDDCD9AD5615D028D /* [CP] Check Pods Manifest.lock */,
				E22EF93F2B811CA800C8674F /* Sources */,
				E22EF9402B811CA800C8674F /* Frameworks */,
				E22EF9412B811CA800C8674F /* Resources */,
			);
			buildRules = (
			);
			dependencies = (
				E22EF9452B811CA800C8674F /* PBXTargetDependency */,
			);
			name = MushroomSpotTests;
			productName = MushroomSpotTests;
			productReference = E22EF9432B811CA800C8674F /* MushroomSpotTests.xctest */;
			productType = "com.apple.product-type.bundle.unit-test";
		};
		E22EF94C2B811CA800C8674F /* MushroomSpotUITests */ = {
			isa = PBXNativeTarget;
			buildConfigurationList = E22EF95D2B811CA800C8674F /* Build configuration list for PBXNativeTarget "MushroomSpotUITests" */;
			buildPhases = (
				9FD7DE2AD783C8855D78EB3E /* [CP] Check Pods Manifest.lock */,
				E22EF9492B811CA800C8674F /* Sources */,
				E22EF94A2B811CA800C8674F /* Frameworks */,
				E22EF94B2B811CA800C8674F /* Resources */,
			);
			buildRules = (
			);
			dependencies = (
				E22EF94F2B811CA800C8674F /* PBXTargetDependency */,
			);
			name = MushroomSpotUITests;
			productName = MushroomSpotUITests;
			productReference = E22EF94D2B811CA800C8674F /* MushroomSpotUITests.xctest */;
			productType = "com.apple.product-type.bundle.ui-testing";
		};
/* End PBXNativeTarget section */

/* Begin PBXProject section */
		E22EF9252B811CA600C8674F /* Project object */ = {
			isa = PBXProject;
			attributes = {
				BuildIndependentTargetsInParallel = 1;
				LastSwiftUpdateCheck = 1520;
				LastUpgradeCheck = 1520;
				TargetAttributes = {
					E22EF92C2B811CA700C8674F = {
						CreatedOnToolsVersion = 15.2;
					};
					E22EF9422B811CA800C8674F = {
						CreatedOnToolsVersion = 15.2;
						TestTargetID = E22EF92C2B811CA700C8674F;
					};
					E22EF94C2B811CA800C8674F = {
						CreatedOnToolsVersion = 15.2;
						TestTargetID = E22EF92C2B811CA700C8674F;
					};
				};
			};
			buildConfigurationList = E22EF9282B811CA600C8674F /* Build configuration list for PBXProject "MushroomSpot" */;
			compatibilityVersion = "Xcode 14.0";
			developmentRegion = en;
			hasScannedForEncodings = 0;
			knownRegions = (
				en,
				Base,
			);
			mainGroup = E22EF9242B811CA600C8674F;
			packageReferences = (
				E248685B2B837D320086D4E1 /* XCRemoteSwiftPackageReference "Alamofire" */,
			);
			productRefGroup = E22EF92E2B811CA700C8674F /* Products */;
			projectDirPath = "";
			projectRoot = "";
			targets = (
				E22EF92C2B811CA700C8674F /* MushroomSpot */,
				E22EF9422B811CA800C8674F /* MushroomSpotTests */,
				E22EF94C2B811CA800C8674F /* MushroomSpotUITests */,
			);
		};
/* End PBXProject section */

/* Begin PBXResourcesBuildPhase section */
		E22EF92B2B811CA700C8674F /* Resources */ = {
			isa = PBXResourcesBuildPhase;
			buildActionMask = 2147483647;
			files = (
				E22EF93D2B811CA700C8674F /* LaunchScreen.storyboard in Resources */,
				E2F67AE82B8243520087CD7D /* SplashViewController.storyboard in Resources */,
				E2E946452B838B0000E5F68E /* HomeViewController.storyboard in Resources */,
				E2F67AF82B8253BE0087CD7D /* Main.storyboard in Resources */,
				E2F67AF22B824C420087CD7D /* LoginViewController.storyboard in Resources */,
				E22EF93A2B811CA700C8674F /* Assets.xcassets in Resources */,
			);
			runOnlyForDeploymentPostprocessing = 0;
		};
		E22EF9412B811CA800C8674F /* Resources */ = {
			isa = PBXResourcesBuildPhase;
			buildActionMask = 2147483647;
			files = (
			);
			runOnlyForDeploymentPostprocessing = 0;
		};
		E22EF94B2B811CA800C8674F /* Resources */ = {
			isa = PBXResourcesBuildPhase;
			buildActionMask = 2147483647;
			files = (
			);
			runOnlyForDeploymentPostprocessing = 0;
		};
/* End PBXResourcesBuildPhase section */

/* Begin PBXShellScriptBuildPhase section */
		08B8094B726D49F644F33548 /* [CP] Check Pods Manifest.lock */ = {
			isa = PBXShellScriptBuildPhase;
			buildActionMask = 2147483647;
			files = (
			);
			inputFileListPaths = (
			);
			inputPaths = (
				"${PODS_PODFILE_DIR_PATH}/Podfile.lock",
				"${PODS_ROOT}/Manifest.lock",
			);
			name = "[CP] Check Pods Manifest.lock";
			outputFileListPaths = (
			);
			outputPaths = (
				"$(DERIVED_FILE_DIR)/Pods-MushroomSpot-checkManifestLockResult.txt",
			);
			runOnlyForDeploymentPostprocessing = 0;
			shellPath = /bin/sh;
			shellScript = "diff \"${PODS_PODFILE_DIR_PATH}/Podfile.lock\" \"${PODS_ROOT}/Manifest.lock\" > /dev/null\nif [ $? != 0 ] ; then\n    # print error to STDERR\n    echo \"error: The sandbox is not in sync with the Podfile.lock. Run 'pod install' or update your CocoaPods installation.\" >&2\n    exit 1\nfi\n# This output is used by Xcode 'outputs' to avoid re-running this script phase.\necho \"SUCCESS\" > \"${SCRIPT_OUTPUT_FILE_0}\"\n";
			showEnvVarsInLog = 0;
		};
		96E11D6CDDCD9AD5615D028D /* [CP] Check Pods Manifest.lock */ = {
			isa = PBXShellScriptBuildPhase;
			buildActionMask = 2147483647;
			files = (
			);
			inputFileListPaths = (
			);
			inputPaths = (
				"${PODS_PODFILE_DIR_PATH}/Podfile.lock",
				"${PODS_ROOT}/Manifest.lock",
			);
			name = "[CP] Check Pods Manifest.lock";
			outputFileListPaths = (
			);
			outputPaths = (
				"$(DERIVED_FILE_DIR)/Pods-MushroomSpotTests-checkManifestLockResult.txt",
			);
			runOnlyForDeploymentPostprocessing = 0;
			shellPath = /bin/sh;
			shellScript = "diff \"${PODS_PODFILE_DIR_PATH}/Podfile.lock\" \"${PODS_ROOT}/Manifest.lock\" > /dev/null\nif [ $? != 0 ] ; then\n    # print error to STDERR\n    echo \"error: The sandbox is not in sync with the Podfile.lock. Run 'pod install' or update your CocoaPods installation.\" >&2\n    exit 1\nfi\n# This output is used by Xcode 'outputs' to avoid re-running this script phase.\necho \"SUCCESS\" > \"${SCRIPT_OUTPUT_FILE_0}\"\n";
			showEnvVarsInLog = 0;
		};
		9FD7DE2AD783C8855D78EB3E /* [CP] Check Pods Manifest.lock */ = {
			isa = PBXShellScriptBuildPhase;
			buildActionMask = 2147483647;
			files = (
			);
			inputFileListPaths = (
			);
			inputPaths = (
				"${PODS_PODFILE_DIR_PATH}/Podfile.lock",
				"${PODS_ROOT}/Manifest.lock",
			);
			name = "[CP] Check Pods Manifest.lock";
			outputFileListPaths = (
			);
			outputPaths = (
				"$(DERIVED_FILE_DIR)/Pods-MushroomSpot-MushroomSpotUITests-checkManifestLockResult.txt",
			);
			runOnlyForDeploymentPostprocessing = 0;
			shellPath = /bin/sh;
			shellScript = "diff \"${PODS_PODFILE_DIR_PATH}/Podfile.lock\" \"${PODS_ROOT}/Manifest.lock\" > /dev/null\nif [ $? != 0 ] ; then\n    # print error to STDERR\n    echo \"error: The sandbox is not in sync with the Podfile.lock. Run 'pod install' or update your CocoaPods installation.\" >&2\n    exit 1\nfi\n# This output is used by Xcode 'outputs' to avoid re-running this script phase.\necho \"SUCCESS\" > \"${SCRIPT_OUTPUT_FILE_0}\"\n";
			showEnvVarsInLog = 0;
		};
/* End PBXShellScriptBuildPhase section */

/* Begin PBXSourcesBuildPhase section */
		E22EF9292B811CA700C8674F /* Sources */ = {
			isa = PBXSourcesBuildPhase;
			buildActionMask = 2147483647;
			files = (
				E2F67AFC2B825A950087CD7D /* ViewExtension.swift in Sources */,
				E2F67AF02B824C340087CD7D /* LoginViewController.swift in Sources */,
				E2F67AED2B82441F0087CD7D /* ViewControllerExtension.swift in Sources */,
				E22EF9312B811CA700C8674F /* AppDelegate.swift in Sources */,
				E22EF9332B811CA700C8674F /* SceneDelegate.swift in Sources */,
				E2E946432B838AF700E5F68E /* HomeViewController.swift in Sources */,
				E24868612B83883D0086D4E1 /* StringExtension.swift in Sources */,
				E2F67AEA2B8243770087CD7D /* SplashViewController.swift in Sources */,
				E2F67B002B836C1E0087CD7D /* LoginSubmitResult.swift in Sources */,
				E2F67AFE2B836BFB0087CD7D /* LoginViewModel.swift in Sources */,
			);
			runOnlyForDeploymentPostprocessing = 0;
		};
		E22EF93F2B811CA800C8674F /* Sources */ = {
			isa = PBXSourcesBuildPhase;
			buildActionMask = 2147483647;
			files = (
				E22EF9482B811CA800C8674F /* MushroomSpotTests.swift in Sources */,
			);
			runOnlyForDeploymentPostprocessing = 0;
		};
		E22EF9492B811CA800C8674F /* Sources */ = {
			isa = PBXSourcesBuildPhase;
			buildActionMask = 2147483647;
			files = (
				E22EF9542B811CA800C8674F /* MushroomSpotUITestsLaunchTests.swift in Sources */,
				E22EF9522B811CA800C8674F /* MushroomSpotUITests.swift in Sources */,
			);
			runOnlyForDeploymentPostprocessing = 0;
		};
/* End PBXSourcesBuildPhase section */

/* Begin PBXTargetDependency section */
		E22EF9452B811CA800C8674F /* PBXTargetDependency */ = {
			isa = PBXTargetDependency;
			target = E22EF92C2B811CA700C8674F /* MushroomSpot */;
			targetProxy = E22EF9442B811CA800C8674F /* PBXContainerItemProxy */;
		};
		E22EF94F2B811CA800C8674F /* PBXTargetDependency */ = {
			isa = PBXTargetDependency;
			target = E22EF92C2B811CA700C8674F /* MushroomSpot */;
			targetProxy = E22EF94E2B811CA800C8674F /* PBXContainerItemProxy */;
		};
/* End PBXTargetDependency section */

/* Begin PBXVariantGroup section */
		E22EF93B2B811CA700C8674F /* LaunchScreen.storyboard */ = {
			isa = PBXVariantGroup;
			children = (
				E22EF93C2B811CA700C8674F /* Base */,
			);
			name = LaunchScreen.storyboard;
			sourceTree = "<group>";
		};
		E2F67AF62B8253BE0087CD7D /* Main.storyboard */ = {
			isa = PBXVariantGroup;
			children = (
				E2F67AF72B8253BE0087CD7D /* Base */,
			);
			name = Main.storyboard;
			sourceTree = "<group>";
		};
/* End PBXVariantGroup section */

/* Begin XCBuildConfiguration section */
		E22EF9552B811CA800C8674F /* Debug */ = {
			isa = XCBuildConfiguration;
			buildSettings = {
				ALWAYS_SEARCH_USER_PATHS = NO;
				ASSETCATALOG_COMPILER_GENERATE_SWIFT_ASSET_SYMBOL_EXTENSIONS = YES;
				CLANG_ANALYZER_NONNULL = YES;
				CLANG_ANALYZER_NUMBER_OBJECT_CONVERSION = YES_AGGRESSIVE;
				CLANG_CXX_LANGUAGE_STANDARD = "gnu++20";
				CLANG_ENABLE_MODULES = YES;
				CLANG_ENABLE_OBJC_ARC = YES;
				CLANG_ENABLE_OBJC_WEAK = YES;
				CLANG_WARN_BLOCK_CAPTURE_AUTORELEASING = YES;
				CLANG_WARN_BOOL_CONVERSION = YES;
				CLANG_WARN_COMMA = YES;
				CLANG_WARN_CONSTANT_CONVERSION = YES;
				CLANG_WARN_DEPRECATED_OBJC_IMPLEMENTATIONS = YES;
				CLANG_WARN_DIRECT_OBJC_ISA_USAGE = YES_ERROR;
				CLANG_WARN_DOCUMENTATION_COMMENTS = YES;
				CLANG_WARN_EMPTY_BODY = YES;
				CLANG_WARN_ENUM_CONVERSION = YES;
				CLANG_WARN_INFINITE_RECURSION = YES;
				CLANG_WARN_INT_CONVERSION = YES;
				CLANG_WARN_NON_LITERAL_NULL_CONVERSION = YES;
				CLANG_WARN_OBJC_IMPLICIT_RETAIN_SELF = YES;
				CLANG_WARN_OBJC_LITERAL_CONVERSION = YES;
				CLANG_WARN_OBJC_ROOT_CLASS = YES_ERROR;
				CLANG_WARN_QUOTED_INCLUDE_IN_FRAMEWORK_HEADER = YES;
				CLANG_WARN_RANGE_LOOP_ANALYSIS = YES;
				CLANG_WARN_STRICT_PROTOTYPES = YES;
				CLANG_WARN_SUSPICIOUS_MOVE = YES;
				CLANG_WARN_UNGUARDED_AVAILABILITY = YES_AGGRESSIVE;
				CLANG_WARN_UNREACHABLE_CODE = YES;
				CLANG_WARN__DUPLICATE_METHOD_MATCH = YES;
				COPY_PHASE_STRIP = NO;
				DEBUG_INFORMATION_FORMAT = dwarf;
				ENABLE_STRICT_OBJC_MSGSEND = YES;
				ENABLE_TESTABILITY = YES;
				ENABLE_USER_SCRIPT_SANDBOXING = YES;
				GCC_C_LANGUAGE_STANDARD = gnu17;
				GCC_DYNAMIC_NO_PIC = NO;
				GCC_NO_COMMON_BLOCKS = YES;
				GCC_OPTIMIZATION_LEVEL = 0;
				GCC_PREPROCESSOR_DEFINITIONS = (
					"DEBUG=1",
					"$(inherited)",
				);
				GCC_WARN_64_TO_32_BIT_CONVERSION = YES;
				GCC_WARN_ABOUT_RETURN_TYPE = YES_ERROR;
				GCC_WARN_UNDECLARED_SELECTOR = YES;
				GCC_WARN_UNINITIALIZED_AUTOS = YES_AGGRESSIVE;
				GCC_WARN_UNUSED_FUNCTION = YES;
				GCC_WARN_UNUSED_VARIABLE = YES;
				IPHONEOS_DEPLOYMENT_TARGET = 17.2;
				LOCALIZATION_PREFERS_STRING_CATALOGS = YES;
				MTL_ENABLE_DEBUG_INFO = INCLUDE_SOURCE;
				MTL_FAST_MATH = YES;
				ONLY_ACTIVE_ARCH = YES;
				SDKROOT = iphoneos;
				SWIFT_ACTIVE_COMPILATION_CONDITIONS = "DEBUG $(inherited)";
				SWIFT_OPTIMIZATION_LEVEL = "-Onone";
			};
			name = Debug;
		};
		E22EF9562B811CA800C8674F /* Release */ = {
			isa = XCBuildConfiguration;
			buildSettings = {
				ALWAYS_SEARCH_USER_PATHS = NO;
				ASSETCATALOG_COMPILER_GENERATE_SWIFT_ASSET_SYMBOL_EXTENSIONS = YES;
				CLANG_ANALYZER_NONNULL = YES;
				CLANG_ANALYZER_NUMBER_OBJECT_CONVERSION = YES_AGGRESSIVE;
				CLANG_CXX_LANGUAGE_STANDARD = "gnu++20";
				CLANG_ENABLE_MODULES = YES;
				CLANG_ENABLE_OBJC_ARC = YES;
				CLANG_ENABLE_OBJC_WEAK = YES;
				CLANG_WARN_BLOCK_CAPTURE_AUTORELEASING = YES;
				CLANG_WARN_BOOL_CONVERSION = YES;
				CLANG_WARN_COMMA = YES;
				CLANG_WARN_CONSTANT_CONVERSION = YES;
				CLANG_WARN_DEPRECATED_OBJC_IMPLEMENTATIONS = YES;
				CLANG_WARN_DIRECT_OBJC_ISA_USAGE = YES_ERROR;
				CLANG_WARN_DOCUMENTATION_COMMENTS = YES;
				CLANG_WARN_EMPTY_BODY = YES;
				CLANG_WARN_ENUM_CONVERSION = YES;
				CLANG_WARN_INFINITE_RECURSION = YES;
				CLANG_WARN_INT_CONVERSION = YES;
				CLANG_WARN_NON_LITERAL_NULL_CONVERSION = YES;
				CLANG_WARN_OBJC_IMPLICIT_RETAIN_SELF = YES;
				CLANG_WARN_OBJC_LITERAL_CONVERSION = YES;
				CLANG_WARN_OBJC_ROOT_CLASS = YES_ERROR;
				CLANG_WARN_QUOTED_INCLUDE_IN_FRAMEWORK_HEADER = YES;
				CLANG_WARN_RANGE_LOOP_ANALYSIS = YES;
				CLANG_WARN_STRICT_PROTOTYPES = YES;
				CLANG_WARN_SUSPICIOUS_MOVE = YES;
				CLANG_WARN_UNGUARDED_AVAILABILITY = YES_AGGRESSIVE;
				CLANG_WARN_UNREACHABLE_CODE = YES;
				CLANG_WARN__DUPLICATE_METHOD_MATCH = YES;
				COPY_PHASE_STRIP = NO;
				DEBUG_INFORMATION_FORMAT = "dwarf-with-dsym";
				ENABLE_NS_ASSERTIONS = NO;
				ENABLE_STRICT_OBJC_MSGSEND = YES;
				ENABLE_USER_SCRIPT_SANDBOXING = YES;
				GCC_C_LANGUAGE_STANDARD = gnu17;
				GCC_NO_COMMON_BLOCKS = YES;
				GCC_WARN_64_TO_32_BIT_CONVERSION = YES;
				GCC_WARN_ABOUT_RETURN_TYPE = YES_ERROR;
				GCC_WARN_UNDECLARED_SELECTOR = YES;
				GCC_WARN_UNINITIALIZED_AUTOS = YES_AGGRESSIVE;
				GCC_WARN_UNUSED_FUNCTION = YES;
				GCC_WARN_UNUSED_VARIABLE = YES;
				IPHONEOS_DEPLOYMENT_TARGET = 17.2;
				LOCALIZATION_PREFERS_STRING_CATALOGS = YES;
				MTL_ENABLE_DEBUG_INFO = NO;
				MTL_FAST_MATH = YES;
				SDKROOT = iphoneos;
				SWIFT_COMPILATION_MODE = wholemodule;
				VALIDATE_PRODUCT = YES;
			};
			name = Release;
		};
		E22EF9582B811CA800C8674F /* Debug */ = {
			isa = XCBuildConfiguration;
			baseConfigurationReference = C9E23AF37F40961AA86071E2 /* Pods-MushroomSpot.debug.xcconfig */;
			buildSettings = {
				ASSETCATALOG_COMPILER_APPICON_NAME = AppIcon;
				ASSETCATALOG_COMPILER_GLOBAL_ACCENT_COLOR_NAME = AccentColor;
				CODE_SIGN_STYLE = Automatic;
				CURRENT_PROJECT_VERSION = 1;
				GENERATE_INFOPLIST_FILE = YES;
				INFOPLIST_FILE = MushroomSpot/Info.plist;
				INFOPLIST_KEY_UIApplicationSupportsIndirectInputEvents = YES;
				INFOPLIST_KEY_UILaunchStoryboardName = LaunchScreen;
				INFOPLIST_KEY_UIMainStoryboardFile = Main;
				INFOPLIST_KEY_UISupportedInterfaceOrientations_iPad = "UIInterfaceOrientationPortrait UIInterfaceOrientationPortraitUpsideDown UIInterfaceOrientationLandscapeLeft UIInterfaceOrientationLandscapeRight";
				INFOPLIST_KEY_UISupportedInterfaceOrientations_iPhone = "UIInterfaceOrientationPortrait UIInterfaceOrientationLandscapeLeft UIInterfaceOrientationLandscapeRight";
				LD_RUNPATH_SEARCH_PATHS = (
					"$(inherited)",
					"@executable_path/Frameworks",
				);
				MARKETING_VERSION = 1.0;
				PRODUCT_BUNDLE_IDENTIFIER = dev.kobalt.MushroomSpot;
				PRODUCT_NAME = "$(TARGET_NAME)";
				SWIFT_EMIT_LOC_STRINGS = YES;
				SWIFT_VERSION = 5.0;
				TARGETED_DEVICE_FAMILY = "1,2";
			};
			name = Debug;
		};
		E22EF9592B811CA800C8674F /* Release */ = {
			isa = XCBuildConfiguration;
			baseConfigurationReference = DAC97688A41C3BAE32C002CF /* Pods-MushroomSpot.release.xcconfig */;
			buildSettings = {
				ASSETCATALOG_COMPILER_APPICON_NAME = AppIcon;
				ASSETCATALOG_COMPILER_GLOBAL_ACCENT_COLOR_NAME = AccentColor;
				CODE_SIGN_STYLE = Automatic;
				CURRENT_PROJECT_VERSION = 1;
				GENERATE_INFOPLIST_FILE = YES;
				INFOPLIST_FILE = MushroomSpot/Info.plist;
				INFOPLIST_KEY_UIApplicationSupportsIndirectInputEvents = YES;
				INFOPLIST_KEY_UILaunchStoryboardName = LaunchScreen;
				INFOPLIST_KEY_UIMainStoryboardFile = Main;
				INFOPLIST_KEY_UISupportedInterfaceOrientations_iPad = "UIInterfaceOrientationPortrait UIInterfaceOrientationPortraitUpsideDown UIInterfaceOrientationLandscapeLeft UIInterfaceOrientationLandscapeRight";
				INFOPLIST_KEY_UISupportedInterfaceOrientations_iPhone = "UIInterfaceOrientationPortrait UIInterfaceOrientationLandscapeLeft UIInterfaceOrientationLandscapeRight";
				LD_RUNPATH_SEARCH_PATHS = (
					"$(inherited)",
					"@executable_path/Frameworks",
				);
				MARKETING_VERSION = 1.0;
				PRODUCT_BUNDLE_IDENTIFIER = dev.kobalt.MushroomSpot;
				PRODUCT_NAME = "$(TARGET_NAME)";
				SWIFT_EMIT_LOC_STRINGS = YES;
				SWIFT_VERSION = 5.0;
				TARGETED_DEVICE_FAMILY = "1,2";
			};
			name = Release;
		};
		E22EF95B2B811CA800C8674F /* Debug */ = {
			isa = XCBuildConfiguration;
			baseConfigurationReference = 72352B9E55E09F3444FB4D10 /* Pods-MushroomSpotTests.debug.xcconfig */;
			buildSettings = {
				ALWAYS_EMBED_SWIFT_STANDARD_LIBRARIES = YES;
				BUNDLE_LOADER = "$(TEST_HOST)";
				CODE_SIGN_STYLE = Automatic;
				CURRENT_PROJECT_VERSION = 1;
				GENERATE_INFOPLIST_FILE = YES;
				IPHONEOS_DEPLOYMENT_TARGET = 17.2;
				MARKETING_VERSION = 1.0;
				PRODUCT_BUNDLE_IDENTIFIER = dev.kobalt.MushroomSpotTests;
				PRODUCT_NAME = "$(TARGET_NAME)";
				SWIFT_EMIT_LOC_STRINGS = NO;
				SWIFT_VERSION = 5.0;
				TARGETED_DEVICE_FAMILY = "1,2";
				TEST_HOST = "$(BUILT_PRODUCTS_DIR)/MushroomSpot.app/$(BUNDLE_EXECUTABLE_FOLDER_PATH)/MushroomSpot";
			};
			name = Debug;
		};
		E22EF95C2B811CA800C8674F /* Release */ = {
			isa = XCBuildConfiguration;
			baseConfigurationReference = 7DE4ED4EAA32CAEFCE1FCE33 /* Pods-MushroomSpotTests.release.xcconfig */;
			buildSettings = {
				ALWAYS_EMBED_SWIFT_STANDARD_LIBRARIES = YES;
				BUNDLE_LOADER = "$(TEST_HOST)";
				CODE_SIGN_STYLE = Automatic;
				CURRENT_PROJECT_VERSION = 1;
				GENERATE_INFOPLIST_FILE = YES;
				IPHONEOS_DEPLOYMENT_TARGET = 17.2;
				MARKETING_VERSION = 1.0;
				PRODUCT_BUNDLE_IDENTIFIER = dev.kobalt.MushroomSpotTests;
				PRODUCT_NAME = "$(TARGET_NAME)";
				SWIFT_EMIT_LOC_STRINGS = NO;
				SWIFT_VERSION = 5.0;
				TARGETED_DEVICE_FAMILY = "1,2";
				TEST_HOST = "$(BUILT_PRODUCTS_DIR)/MushroomSpot.app/$(BUNDLE_EXECUTABLE_FOLDER_PATH)/MushroomSpot";
			};
			name = Release;
		};
		E22EF95E2B811CA800C8674F /* Debug */ = {
			isa = XCBuildConfiguration;
			baseConfigurationReference = 94C02F21C9B9F2C7548B34DD /* Pods-MushroomSpot-MushroomSpotUITests.debug.xcconfig */;
			buildSettings = {
				ALWAYS_EMBED_SWIFT_STANDARD_LIBRARIES = YES;
				CODE_SIGN_STYLE = Automatic;
				CURRENT_PROJECT_VERSION = 1;
				GENERATE_INFOPLIST_FILE = YES;
				MARKETING_VERSION = 1.0;
				PRODUCT_BUNDLE_IDENTIFIER = dev.kobalt.MushroomSpotUITests;
				PRODUCT_NAME = "$(TARGET_NAME)";
				SWIFT_EMIT_LOC_STRINGS = NO;
				SWIFT_VERSION = 5.0;
				TARGETED_DEVICE_FAMILY = "1,2";
				TEST_TARGET_NAME = MushroomSpot;
			};
			name = Debug;
		};
		E22EF95F2B811CA800C8674F /* Release */ = {
			isa = XCBuildConfiguration;
			baseConfigurationReference = AC6443CC1A92611097C53681 /* Pods-MushroomSpot-MushroomSpotUITests.release.xcconfig */;
			buildSettings = {
				ALWAYS_EMBED_SWIFT_STANDARD_LIBRARIES = YES;
				CODE_SIGN_STYLE = Automatic;
				CURRENT_PROJECT_VERSION = 1;
				GENERATE_INFOPLIST_FILE = YES;
				MARKETING_VERSION = 1.0;
				PRODUCT_BUNDLE_IDENTIFIER = dev.kobalt.MushroomSpotUITests;
				PRODUCT_NAME = "$(TARGET_NAME)";
				SWIFT_EMIT_LOC_STRINGS = NO;
				SWIFT_VERSION = 5.0;
				TARGETED_DEVICE_FAMILY = "1,2";
				TEST_TARGET_NAME = MushroomSpot;
			};
			name = Release;
		};
/* End XCBuildConfiguration section */

/* Begin XCConfigurationList section */
		E22EF9282B811CA600C8674F /* Build configuration list for PBXProject "MushroomSpot" */ = {
			isa = XCConfigurationList;
			buildConfigurations = (
				E22EF9552B811CA800C8674F /* Debug */,
				E22EF9562B811CA800C8674F /* Release */,
			);
			defaultConfigurationIsVisible = 0;
			defaultConfigurationName = Release;
		};
		E22EF9572B811CA800C8674F /* Build configuration list for PBXNativeTarget "MushroomSpot" */ = {
			isa = XCConfigurationList;
			buildConfigurations = (
				E22EF9582B811CA800C8674F /* Debug */,
				E22EF9592B811CA800C8674F /* Release */,
			);
			defaultConfigurationIsVisible = 0;
			defaultConfigurationName = Release;
		};
		E22EF95A2B811CA800C8674F /* Build configuration list for PBXNativeTarget "MushroomSpotTests" */ = {
			isa = XCConfigurationList;
			buildConfigurations = (
				E22EF95B2B811CA800C8674F /* Debug */,
				E22EF95C2B811CA800C8674F /* Release */,
			);
			defaultConfigurationIsVisible = 0;
			defaultConfigurationName = Release;
		};
		E22EF95D2B811CA800C8674F /* Build configuration list for PBXNativeTarget "MushroomSpotUITests" */ = {
			isa = XCConfigurationList;
			buildConfigurations = (
				E22EF95E2B811CA800C8674F /* Debug */,
				E22EF95F2B811CA800C8674F /* Release */,
			);
			defaultConfigurationIsVisible = 0;
			defaultConfigurationName = Release;
		};
/* End XCConfigurationList section */

/* Begin XCRemoteSwiftPackageReference section */
		E248685B2B837D320086D4E1 /* XCRemoteSwiftPackageReference "Alamofire" */ = {
			isa = XCRemoteSwiftPackageReference;
			repositoryURL = "https://github.com/Alamofire/Alamofire.git";
			requirement = {
				kind = upToNextMajorVersion;
				minimumVersion = 5.8.1;
			};
		};
/* End XCRemoteSwiftPackageReference section */

/* Begin XCSwiftPackageProductDependency section */
		E248685C2B837D320086D4E1 /* Alamofire */ = {
			isa = XCSwiftPackageProductDependency;
			package = E248685B2B837D320086D4E1 /* XCRemoteSwiftPackageReference "Alamofire" */;
			productName = Alamofire;
		};
/* End XCSwiftPackageProductDependency section */
	};
	rootObject = E22EF9252B811CA600C8674F /* Project object */;
}
